
Microsoft Visual Studio Solution File, Format Version 12.00
# Visual Studio Version 17
VisualStudioVersion = 17.4.33103.184
MinimumVisualStudioVersion = 10.0.40219.1
Project("{8BC9CEB8-8B4A-11D0-8D11-00A0C91BC942}") = "DHIPS-Server", "DHIPS-Server\DHIPS-Server.vcxproj", "{EED7B7B2-EF0B-43D7-A3CA-888A31759F3A}"
EndProject
Project("{8BC9CEB8-8B4A-11D0-8D11-00A0C91BC942}") = "DNIC-Client", "DNIC-Client\DNIC-Client.vcxproj", "{3AC9EC2A-0822-422C-857F-9F0F7E603F6B}"
EndProject
Project("{8BC9CEB8-8B4A-11D0-8D11-00A0C91BC942}") = "Central Library", "Central Library\Central Library.vcxproj", "{626A01BB-206F-4EDF-A66B-7A434245AC95}"
EndProject
Project("{8BC9CEB8-8B4A-11D0-8D11-00A0C91BC942}") = "Client Library", "Client Library\Client Library.vcxproj", "{5E5397D2-249C-4BF4-B927-DF779DF4960F}"
EndProject
Project("{8BC9CEB8-8B4A-11D0-8D11-00A0C91BC942}") = "Server Library", "Server Library\Server Library.vcxproj", "{5991D712-6688-44DD-B10B-3CD3062C296E}"
EndProject
Project("{2150E333-8FDC-42A3-9474-1A3956D46DE8}") = "Libraries", "Libraries", "{6A31E136-3076-4240-9C81-5C840C5E3443}"
EndProject
Global
	GlobalSection(SolutionConfigurationPlatforms) = preSolution
		Debug|x64 = Debug|x64
		Debug|x86 = Debug|x86
		Release|x64 = Release|x64
		Release|x86 = Release|x86
	EndGlobalSection
	GlobalSection(ProjectConfigurationPlatforms) = postSolution
		{EED7B7B2-EF0B-43D7-A3CA-888A31759F3A}.Debug|x64.ActiveCfg = Debug|x64
		{EED7B7B2-EF0B-43D7-A3CA-888A31759F3A}.Debug|x64.Build.0 = Debug|x64
		{EED7B7B2-EF0B-43D7-A3CA-888A31759F3A}.Debug|x86.ActiveCfg = Debug|Win32
		{EED7B7B2-EF0B-43D7-A3CA-888A31759F3A}.Debug|x86.Build.0 = Debug|Win32
		{EED7B7B2-EF0B-43D7-A3CA-888A31759F3A}.Release|x64.ActiveCfg = Release|x64
		{EED7B7B2-EF0B-43D7-A3CA-888A31759F3A}.Release|x64.Build.0 = Release|x64
		{EED7B7B2-EF0B-43D7-A3CA-888A31759F3A}.Release|x86.ActiveCfg = Release|Win32
		{EED7B7B2-EF0B-43D7-A3CA-888A31759F3A}.Release|x86.Build.0 = Release|Win32
		{3AC9EC2A-0822-422C-857F-9F0F7E603F6B}.Debug|x64.ActiveCfg = Debug|x64
		{3AC9EC2A-0822-422C-857F-9F0F7E603F6B}.Debug|x64.Build.0 = Debug|x64
		{3AC9EC2A-0822-422C-857F-9F0F7E603F6B}.Debug|x86.ActiveCfg = Debug|Win32
		{3AC9EC2A-0822-422C-857F-9F0F7E603F6B}.Debug|x86.Build.0 = Debug|Win32
		{3AC9EC2A-0822-422C-857F-9F0F7E603F6B}.Release|x64.ActiveCfg = Release|x64
		{3AC9EC2A-0822-422C-857F-9F0F7E603F6B}.Release|x64.Build.0 = Release|x64
		{3AC9EC2A-0822-422C-857F-9F0F7E603F6B}.Release|x86.ActiveCfg = Release|Win32
		{3AC9EC2A-0822-422C-857F-9F0F7E603F6B}.Release|x86.Build.0 = Release|Win32
		{626A01BB-206F-4EDF-A66B-7A434245AC95}.Debug|x64.ActiveCfg = Debug|x64
		{626A01BB-206F-4EDF-A66B-7A434245AC95}.Debug|x64.Build.0 = Debug|x64
		{626A01BB-206F-4EDF-A66B-7A434245AC95}.Debug|x86.ActiveCfg = Debug|Win32
		{626A01BB-206F-4EDF-A66B-7A434245AC95}.Debug|x86.Build.0 = Debug|Win32
		{626A01BB-206F-4EDF-A66B-7A434245AC95}.Release|x64.ActiveCfg = Release|x64
		{626A01BB-206F-4EDF-A66B-7A434245AC95}.Release|x64.Build.0 = Release|x64
		{626A01BB-206F-4EDF-A66B-7A434245AC95}.Release|x86.ActiveCfg = Release|Win32
		{626A01BB-206F-4EDF-A66B-7A434245AC95}.Release|x86.Build.0 = Release|Win32
		{5E5397D2-249C-4BF4-B927-DF779DF4960F}.Debug|x64.ActiveCfg = Debug|x64
		{5E5397D2-249C-4BF4-B927-DF779DF4960F}.Debug|x64.Build.0 = Debug|x64
		{5E5397D2-249C-4BF4-B927-DF779DF4960F}.Debug|x86.ActiveCfg = Debug|Win32
		{5E5397D2-249C-4BF4-B927-DF779DF4960F}.Debug|x86.Build.0 = Debug|Win32
		{5E5397D2-249C-4BF4-B927-DF779DF4960F}.Release|x64.ActiveCfg = Release|x64
		{5E5397D2-249C-4BF4-B927-DF779DF4960F}.Release|x64.Build.0 = Release|x64
		{5E5397D2-249C-4BF4-B927-DF779DF4960F}.Release|x86.ActiveCfg = Release|Win32
		{5E5397D2-249C-4BF4-B927-DF779DF4960F}.Release|x86.Build.0 = Release|Win32
		{5991D712-6688-44DD-B10B-3CD3062C296E}.Debug|x64.ActiveCfg = Debug|x64
		{5991D712-6688-44DD-B10B-3CD3062C296E}.Debug|x64.Build.0 = Debug|x64
		{5991D712-6688-44DD-B10B-3CD3062C296E}.Debug|x86.ActiveCfg = Debug|Win32
		{5991D712-6688-44DD-B10B-3CD3062C296E}.Debug|x86.Build.0 = Debug|Win32
		{5991D712-6688-44DD-B10B-3CD3062C296E}.Release|x64.ActiveCfg = Release|x64
		{5991D712-6688-44DD-B10B-3CD3062C296E}.Release|x64.Build.0 = Release|x64
		{5991D712-6688-44DD-B10B-3CD3062C296E}.Release|x86.ActiveCfg = Release|Win32
		{5991D712-6688-44DD-B10B-3CD3062C296E}.Release|x86.Build.0 = Release|Win32
	EndGlobalSection
	GlobalSection(SolutionProperties) = preSolution
		HideSolutionNode = FALSE
	EndGlobalSection
	GlobalSection(NestedProjects) = preSolution
		{626A01BB-206F-4EDF-A66B-7A434245AC95} = {6A31E136-3076-4240-9C81-5C840C5E3443}
		{5E5397D2-249C-4BF4-B927-DF779DF4960F} = {6A31E136-3076-4240-9C81-5C840C5E3443}
		{5991D712-6688-44DD-B10B-3CD3062C296E} = {6A31E136-3076-4240-9C81-5C840C5E3443}
	EndGlobalSection
	GlobalSection(ExtensibilityGlobals) = postSolution
		SolutionGuid = {9CB39A49-0EFD-4ADC-99BF-8140254252C5}
	EndGlobalSection
EndGlobal
